// !$*UTF8*$!
{
	archiveVersion = 1;
	classes = {
	};
	objectVersion = 51;
	objects = {

/* Begin PBXBuildFile section */
		046C4BE7220F024C009C3BDF /* AppDelegate.m in Sources */ = {isa = PBXBuildFile; fileRef = 046C4BE6220F024C009C3BDF /* AppDelegate.m */; };
		046C4BEA220F024C009C3BDF /* ViewController.m in Sources */ = {isa = PBXBuildFile; fileRef = 046C4BE9220F024C009C3BDF /* ViewController.m */; };
		046C4BED220F024C009C3BDF /* Main.storyboard in Resources */ = {isa = PBXBuildFile; fileRef = 046C4BEB220F024C009C3BDF /* Main.storyboard */; };
		046C4BEF220F024F009C3BDF /* Assets.xcassets in Resources */ = {isa = PBXBuildFile; fileRef = 046C4BEE220F024F009C3BDF /* Assets.xcassets */; };
		046C4BF2220F024F009C3BDF /* LaunchScreen.storyboard in Resources */ = {isa = PBXBuildFile; fileRef = 046C4BF0220F024F009C3BDF /* LaunchScreen.storyboard */; };
		046C4BF5220F024F009C3BDF /* main.m in Sources */ = {isa = PBXBuildFile; fileRef = 046C4BF4220F024F009C3BDF /* main.m */; };
		046C4BFF220F024F009C3BDF /* testCiTests.m in Sources */ = {isa = PBXBuildFile; fileRef = 046C4BFE220F024F009C3BDF /* testCiTests.m */; };
		791A03A6DC134AA1F0E292A2 /* Pods_testCiTests.framework in Frameworks */ = {isa = PBXBuildFile; fileRef = 3A398A4876A746ABA86FEC77 /* Pods_testCiTests.framework */; };
		F82629661F8D6F27A0D4629F /* Pods_testCi.framework in Frameworks */ = {isa = PBXBuildFile; fileRef = D79D935046005EF63DA6A3D2 /* Pods_testCi.framework */; };
/* End PBXBuildFile section */

/* Begin PBXContainerItemProxy section */
		046C4BFB220F024F009C3BDF /* PBXContainerItemProxy */ = {
			isa = PBXContainerItemProxy;
			containerPortal = 046C4BDA220F024C009C3BDF /* Project object */;
			proxyType = 1;
			remoteGlobalIDString = 046C4BE1220F024C009C3BDF;
			remoteInfo = testCi;
		};
/* End PBXContainerItemProxy section */

/* Begin PBXFileReference section */
		046C4BE2220F024C009C3BDF /* testCi.app */ = {isa = PBXFileReference; explicitFileType = wrapper.application; includeInIndex = 0; path = testCi.app; sourceTree = BUILT_PRODUCTS_DIR; };
		046C4BE5220F024C009C3BDF /* AppDelegate.h */ = {isa = PBXFileReference; lastKnownFileType = sourcecode.c.h; path = AppDelegate.h; sourceTree = "<group>"; };
		046C4BE6220F024C009C3BDF /* AppDelegate.m */ = {isa = PBXFileReference; lastKnownFileType = sourcecode.c.objc; path = AppDelegate.m; sourceTree = "<group>"; };
		046C4BE8220F024C009C3BDF /* ViewController.h */ = {isa = PBXFileReference; lastKnownFileType = sourcecode.c.h; path = ViewController.h; sourceTree = "<group>"; };
		046C4BE9220F024C009C3BDF /* ViewController.m */ = {isa = PBXFileReference; lastKnownFileType = sourcecode.c.objc; path = ViewController.m; sourceTree = "<group>"; };
		046C4BEC220F024C009C3BDF /* Base */ = {isa = PBXFileReference; lastKnownFileType = file.storyboard; name = Base; path = Base.lproj/Main.storyboard; sourceTree = "<group>"; };
		046C4BEE220F024F009C3BDF /* Assets.xcassets */ = {isa = PBXFileReference; lastKnownFileType = folder.assetcatalog; path = Assets.xcassets; sourceTree = "<group>"; };
		046C4BF1220F024F009C3BDF /* Base */ = {isa = PBXFileReference; lastKnownFileType = file.storyboard; name = Base; path = Base.lproj/LaunchScreen.storyboard; sourceTree = "<group>"; };
		046C4BF3220F024F009C3BDF /* Info.plist */ = {isa = PBXFileReference; lastKnownFileType = text.plist.xml; path = Info.plist; sourceTree = "<group>"; };
		046C4BF4220F024F009C3BDF /* main.m */ = {isa = PBXFileReference; lastKnownFileType = sourcecode.c.objc; path = main.m; sourceTree = "<group>"; };
		046C4BFA220F024F009C3BDF /* testCiTests.xctest */ = {isa = PBXFileReference; explicitFileType = wrapper.cfbundle; includeInIndex = 0; path = testCiTests.xctest; sourceTree = BUILT_PRODUCTS_DIR; };
		046C4BFE220F024F009C3BDF /* testCiTests.m */ = {isa = PBXFileReference; lastKnownFileType = sourcecode.c.objc; path = testCiTests.m; sourceTree = "<group>"; };
		046C4C00220F024F009C3BDF /* Info.plist */ = {isa = PBXFileReference; lastKnownFileType = text.plist.xml; path = Info.plist; sourceTree = "<group>"; };
		04F3DF772210648900BEC6BD /* SnapshotHelper.swift */ = {isa = PBXFileReference; lastKnownFileType = sourcecode.swift; name = SnapshotHelper.swift; path = fastlane/SnapshotHelper.swift; sourceTree = "<group>"; };
		322B55E3D515D162F1E5ADEF /* Pods-testCiTests.release.xcconfig */ = {isa = PBXFileReference; includeInIndex = 1; lastKnownFileType = text.xcconfig; name = "Pods-testCiTests.release.xcconfig"; path = "Pods/Target Support Files/Pods-testCiTests/Pods-testCiTests.release.xcconfig"; sourceTree = "<group>"; };
		3A398A4876A746ABA86FEC77 /* Pods_testCiTests.framework */ = {isa = PBXFileReference; explicitFileType = wrapper.framework; includeInIndex = 0; path = Pods_testCiTests.framework; sourceTree = BUILT_PRODUCTS_DIR; };
		805A8F32A7A95181B2BB8FC3 /* Pods-testCi.debug.xcconfig */ = {isa = PBXFileReference; includeInIndex = 1; lastKnownFileType = text.xcconfig; name = "Pods-testCi.debug.xcconfig"; path = "Pods/Target Support Files/Pods-testCi/Pods-testCi.debug.xcconfig"; sourceTree = "<group>"; };
		9911BF61298DF12A4D9F1BF2 /* Pods-testCiTests.debug.xcconfig */ = {isa = PBXFileReference; includeInIndex = 1; lastKnownFileType = text.xcconfig; name = "Pods-testCiTests.debug.xcconfig"; path = "Pods/Target Support Files/Pods-testCiTests/Pods-testCiTests.debug.xcconfig"; sourceTree = "<group>"; };
		AAEEE16B54801B5C428D55D7 /* Pods-testCi.release.xcconfig */ = {isa = PBXFileReference; includeInIndex = 1; lastKnownFileType = text.xcconfig; name = "Pods-testCi.release.xcconfig"; path = "Pods/Target Support Files/Pods-testCi/Pods-testCi.release.xcconfig"; sourceTree = "<group>"; };
		D79D935046005EF63DA6A3D2 /* Pods_testCi.framework */ = {isa = PBXFileReference; explicitFileType = wrapper.framework; includeInIndex = 0; path = Pods_testCi.framework; sourceTree = BUILT_PRODUCTS_DIR; };
/* End PBXFileReference section */

/* Begin PBXFrameworksBuildPhase section */
		046C4BDF220F024C009C3BDF /* Frameworks */ = {
			isa = PBXFrameworksBuildPhase;
			buildActionMask = 2147483647;
			files = (
				F82629661F8D6F27A0D4629F /* Pods_testCi.framework in Frameworks */,
			);
			runOnlyForDeploymentPostprocessing = 0;
		};
		046C4BF7220F024F009C3BDF /* Frameworks */ = {
			isa = PBXFrameworksBuildPhase;
			buildActionMask = 2147483647;
			files = (
				791A03A6DC134AA1F0E292A2 /* Pods_testCiTests.framework in Frameworks */,
			);
			runOnlyForDeploymentPostprocessing = 0;
		};
/* End PBXFrameworksBuildPhase section */

/* Begin PBXGroup section */
		046C4BD9220F024C009C3BDF = {
			isa = PBXGroup;
			children = (
				04F3DF772210648900BEC6BD /* SnapshotHelper.swift */,
				046C4BE4220F024C009C3BDF /* testCi */,
				046C4BFD220F024F009C3BDF /* testCiTests */,
				046C4BE3220F024C009C3BDF /* Products */,
				17350341EEBD02AA3D419FDA /* Pods */,
				B97455261E20DCCDCA6C1C56 /* Frameworks */,
			);
			sourceTree = "<group>";
		};
		046C4BE3220F024C009C3BDF /* Products */ = {
			isa = PBXGroup;
			children = (
				046C4BE2220F024C009C3BDF /* testCi.app */,
				046C4BFA220F024F009C3BDF /* testCiTests.xctest */,
			);
			name = Products;
			sourceTree = "<group>";
		};
		046C4BE4220F024C009C3BDF /* testCi */ = {
			isa = PBXGroup;
			children = (
				046C4BE5220F024C009C3BDF /* AppDelegate.h */,
				046C4BE6220F024C009C3BDF /* AppDelegate.m */,
				046C4BE8220F024C009C3BDF /* ViewController.h */,
				046C4BE9220F024C009C3BDF /* ViewController.m */,
				046C4BEB220F024C009C3BDF /* Main.storyboard */,
				046C4BEE220F024F009C3BDF /* Assets.xcassets */,
				046C4BF0220F024F009C3BDF /* LaunchScreen.storyboard */,
				046C4BF3220F024F009C3BDF /* Info.plist */,
				046C4BF4220F024F009C3BDF /* main.m */,
			);
			path = testCi;
			sourceTree = "<group>";
		};
		046C4BFD220F024F009C3BDF /* testCiTests */ = {
			isa = PBXGroup;
			children = (
				046C4BFE220F024F009C3BDF /* testCiTests.m */,
				046C4C00220F024F009C3BDF /* Info.plist */,
			);
			path = testCiTests;
			sourceTree = "<group>";
		};
		17350341EEBD02AA3D419FDA /* Pods */ = {
			isa = PBXGroup;
			children = (
				805A8F32A7A95181B2BB8FC3 /* Pods-testCi.debug.xcconfig */,
				AAEEE16B54801B5C428D55D7 /* Pods-testCi.release.xcconfig */,
				9911BF61298DF12A4D9F1BF2 /* Pods-testCiTests.debug.xcconfig */,
				322B55E3D515D162F1E5ADEF /* Pods-testCiTests.release.xcconfig */,
			);
			name = Pods;
			sourceTree = "<group>";
		};
		B97455261E20DCCDCA6C1C56 /* Frameworks */ = {
			isa = PBXGroup;
			children = (
				D79D935046005EF63DA6A3D2 /* Pods_testCi.framework */,
				3A398A4876A746ABA86FEC77 /* Pods_testCiTests.framework */,
			);
			name = Frameworks;
			sourceTree = "<group>";
		};
/* End PBXGroup section */

/* Begin PBXNativeTarget section */
		046C4BE1220F024C009C3BDF /* testCi */ = {
			isa = PBXNativeTarget;
			buildConfigurationList = 046C4C0E220F024F009C3BDF /* Build configuration list for PBXNativeTarget "testCi" */;
			buildPhases = (
				D63B238D757C0BC1128C2B40 /* [CP] Check Pods Manifest.lock */,
				046C4BDE220F024C009C3BDF /* Sources */,
				046C4BDF220F024C009C3BDF /* Frameworks */,
				046C4BE0220F024C009C3BDF /* Resources */,
				E13795D6D2A52986CD0613B7 /* [CP] Embed Pods Frameworks */,
			);
			buildRules = (
			);
			dependencies = (
			);
			name = testCi;
			productName = testCi;
			productReference = 046C4BE2220F024C009C3BDF /* testCi.app */;
			productType = "com.apple.product-type.application";
		};
		046C4BF9220F024F009C3BDF /* testCiTests */ = {
			isa = PBXNativeTarget;
			buildConfigurationList = 046C4C11220F024F009C3BDF /* Build configuration list for PBXNativeTarget "testCiTests" */;
			buildPhases = (
				CBD52BB46F3F20B6DA3BD61C /* [CP] Check Pods Manifest.lock */,
				046C4BF6220F024F009C3BDF /* Sources */,
				046C4BF7220F024F009C3BDF /* Frameworks */,
				046C4BF8220F024F009C3BDF /* Resources */,
			);
			buildRules = (
			);
			dependencies = (
				046C4BFC220F024F009C3BDF /* PBXTargetDependency */,
			);
			name = testCiTests;
			productName = testCiTests;
			productReference = 046C4BFA220F024F009C3BDF /* testCiTests.xctest */;
			productType = "com.apple.product-type.bundle.unit-test";
		};
/* End PBXNativeTarget section */

/* Begin PBXProject section */
		046C4BDA220F024C009C3BDF /* Project object */ = {
			isa = PBXProject;
			attributes = {
				LastSwiftUpdateCheck = 1010;
				LastUpgradeCheck = 1010;
				ORGANIZATIONNAME = HZMC;
				TargetAttributes = {
					046C4BE1220F024C009C3BDF = {
						CreatedOnToolsVersion = 10.1;
					};
					046C4BF9220F024F009C3BDF = {
						CreatedOnToolsVersion = 10.1;
						TestTargetID = 046C4BE1220F024C009C3BDF;
					};
				};
			};
			buildConfigurationList = 046C4BDD220F024C009C3BDF /* Build configuration list for PBXProject "testCi" */;
			compatibilityVersion = "Xcode 10.0";
			developmentRegion = en;
			hasScannedForEncodings = 0;
			knownRegions = (
				en,
				Base,
			);
			mainGroup = 046C4BD9220F024C009C3BDF;
			productRefGroup = 046C4BE3220F024C009C3BDF /* Products */;
			projectDirPath = "";
			projectRoot = "";
			targets = (
				046C4BE1220F024C009C3BDF /* testCi */,
				046C4BF9220F024F009C3BDF /* testCiTests */,
			);
		};
/* End PBXProject section */

/* Begin PBXResourcesBuildPhase section */
		046C4BE0220F024C009C3BDF /* Resources */ = {
			isa = PBXResourcesBuildPhase;
			buildActionMask = 2147483647;
			files = (
				046C4BF2220F024F009C3BDF /* LaunchScreen.storyboard in Resources */,
				046C4BEF220F024F009C3BDF /* Assets.xcassets in Resources */,
				046C4BED220F024C009C3BDF /* Main.storyboard in Resources */,
			);
			runOnlyForDeploymentPostprocessing = 0;
		};
		046C4BF8220F024F009C3BDF /* Resources */ = {
			isa = PBXResourcesBuildPhase;
			buildActionMask = 2147483647;
			files = (
			);
			runOnlyForDeploymentPostprocessing = 0;
		};
/* End PBXResourcesBuildPhase section */

/* Begin PBXShellScriptBuildPhase section */
		CBD52BB46F3F20B6DA3BD61C /* [CP] Check Pods Manifest.lock */ = {
			isa = PBXShellScriptBuildPhase;
			buildActionMask = 2147483647;
			files = (
			);
			inputFileListPaths = (
			);
			inputPaths = (
				"${PODS_PODFILE_DIR_PATH}/Podfile.lock",
				"${PODS_ROOT}/Manifest.lock",
			);
			name = "[CP] Check Pods Manifest.lock";
			outputFileListPaths = (
			);
			outputPaths = (
				"$(DERIVED_FILE_DIR)/Pods-testCiTests-checkManifestLockResult.txt",
			);
			runOnlyForDeploymentPostprocessing = 0;
			shellPath = /bin/sh;
			shellScript = "diff \"${PODS_PODFILE_DIR_PATH}/Podfile.lock\" \"${PODS_ROOT}/Manifest.lock\" > /dev/null\nif [ $? != 0 ] ; then\n    # print error to STDERR\n    echo \"error: The sandbox is not in sync with the Podfile.lock. Run 'pod install' or update your CocoaPods installation.\" >&2\n    exit 1\nfi\n# This output is used by Xcode 'outputs' to avoid re-running this script phase.\necho \"SUCCESS\" > \"${SCRIPT_OUTPUT_FILE_0}\"\n";
			showEnvVarsInLog = 0;
		};
		D63B238D757C0BC1128C2B40 /* [CP] Check Pods Manifest.lock */ = {
			isa = PBXShellScriptBuildPhase;
			buildActionMask = 2147483647;
			files = (
			);
			inputFileListPaths = (
			);
			inputPaths = (
				"${PODS_PODFILE_DIR_PATH}/Podfile.lock",
				"${PODS_ROOT}/Manifest.lock",
			);
			name = "[CP] Check Pods Manifest.lock";
			outputFileListPaths = (
			);
			outputPaths = (
				"$(DERIVED_FILE_DIR)/Pods-testCi-checkManifestLockResult.txt",
			);
			runOnlyForDeploymentPostprocessing = 0;
			shellPath = /bin/sh;
			shellScript = "diff \"${PODS_PODFILE_DIR_PATH}/Podfile.lock\" \"${PODS_ROOT}/Manifest.lock\" > /dev/null\nif [ $? != 0 ] ; then\n    # print error to STDERR\n    echo \"error: The sandbox is not in sync with the Podfile.lock. Run 'pod install' or update your CocoaPods installation.\" >&2\n    exit 1\nfi\n# This output is used by Xcode 'outputs' to avoid re-running this script phase.\necho \"SUCCESS\" > \"${SCRIPT_OUTPUT_FILE_0}\"\n";
			showEnvVarsInLog = 0;
		};
		E13795D6D2A52986CD0613B7 /* [CP] Embed Pods Frameworks */ = {
			isa = PBXShellScriptBuildPhase;
			buildActionMask = 2147483647;
			files = (
			);
			inputFileListPaths = (
			);
			inputPaths = (
				"${PODS_ROOT}/Target Support Files/Pods-testCi/Pods-testCi-frameworks.sh",
				"${BUILT_PRODUCTS_DIR}/Masonry/Masonry.framework",
			);
			name = "[CP] Embed Pods Frameworks";
			outputFileListPaths = (
			);
			outputPaths = (
				"${TARGET_BUILD_DIR}/${FRAMEWORKS_FOLDER_PATH}/Masonry.framework",
			);
			runOnlyForDeploymentPostprocessing = 0;
			shellPath = /bin/sh;
			shellScript = "\"${PODS_ROOT}/Target Support Files/Pods-testCi/Pods-testCi-frameworks.sh\"\n";
			showEnvVarsInLog = 0;
		};
/* End PBXShellScriptBuildPhase section */

/* Begin PBXSourcesBuildPhase section */
		046C4BDE220F024C009C3BDF /* Sources */ = {
			isa = PBXSourcesBuildPhase;
			buildActionMask = 2147483647;
			files = (
				046C4BEA220F024C009C3BDF /* ViewController.m in Sources */,
				046C4BF5220F024F009C3BDF /* main.m in Sources */,
				046C4BE7220F024C009C3BDF /* AppDelegate.m in Sources */,
			);
			runOnlyForDeploymentPostprocessing = 0;
		};
		046C4BF6220F024F009C3BDF /* Sources */ = {
			isa = PBXSourcesBuildPhase;
			buildActionMask = 2147483647;
			files = (
				046C4BFF220F024F009C3BDF /* testCiTests.m in Sources */,
			);
			runOnlyForDeploymentPostprocessing = 0;
		};
/* End PBXSourcesBuildPhase section */

/* Begin PBXTargetDependency section */
		046C4BFC220F024F009C3BDF /* PBXTargetDependency */ = {
			isa = PBXTargetDependency;
			target = 046C4BE1220F024C009C3BDF /* testCi */;
			targetProxy = 046C4BFB220F024F009C3BDF /* PBXContainerItemProxy */;
		};
/* End PBXTargetDependency section */

/* Begin PBXVariantGroup section */
		046C4BEB220F024C009C3BDF /* Main.storyboard */ = {
			isa = PBXVariantGroup;
			children = (
				046C4BEC220F024C009C3BDF /* Base */,
			);
			name = Main.storyboard;
			sourceTree = "<group>";
		};
		046C4BF0220F024F009C3BDF /* LaunchScreen.storyboard */ = {
			isa = PBXVariantGroup;
			children = (
				046C4BF1220F024F009C3BDF /* Base */,
			);
			name = LaunchScreen.storyboard;
			sourceTree = "<group>";
		};
/* End PBXVariantGroup section */

/* Begin XCBuildConfiguration section */
		046C4C0C220F024F009C3BDF /* Debug */ = {
			isa = XCBuildConfiguration;
			buildSettings = {
				ALWAYS_SEARCH_USER_PATHS = NO;
				CLANG_ANALYZER_NONNULL = YES;
				CLANG_ANALYZER_NUMBER_OBJECT_CONVERSION = YES_AGGRESSIVE;
				CLANG_CXX_LANGUAGE_STANDARD = "gnu++14";
				CLANG_CXX_LIBRARY = "libc++";
				CLANG_ENABLE_MODULES = YES;
				CLANG_ENABLE_OBJC_ARC = YES;
				CLANG_ENABLE_OBJC_WEAK = YES;
				CLANG_WARN_BLOCK_CAPTURE_AUTORELEASING = YES;
				CLANG_WARN_BOOL_CONVERSION = YES;
				CLANG_WARN_COMMA = YES;
				CLANG_WARN_CONSTANT_CONVERSION = YES;
				CLANG_WARN_DEPRECATED_OBJC_IMPLEMENTATIONS = YES;
				CLANG_WARN_DIRECT_OBJC_ISA_USAGE = YES_ERROR;
				CLANG_WARN_DOCUMENTATION_COMMENTS = YES;
				CLANG_WARN_EMPTY_BODY = YES;
				CLANG_WARN_ENUM_CONVERSION = YES;
				CLANG_WARN_INFINITE_RECURSION = YES;
				CLANG_WARN_INT_CONVERSION = YES;
				CLANG_WARN_NON_LITERAL_NULL_CONVERSION = YES;
				CLANG_WARN_OBJC_IMPLICIT_RETAIN_SELF = YES;
				CLANG_WARN_OBJC_LITERAL_CONVERSION = YES;
				CLANG_WARN_OBJC_ROOT_CLASS = YES_ERROR;
				CLANG_WARN_RANGE_LOOP_ANALYSIS = YES;
				CLANG_WARN_STRICT_PROTOTYPES = YES;
				CLANG_WARN_SUSPICIOUS_MOVE = YES;
				CLANG_WARN_UNGUARDED_AVAILABILITY = YES_AGGRESSIVE;
				CLANG_WARN_UNREACHABLE_CODE = YES;
				CLANG_WARN__DUPLICATE_METHOD_MATCH = YES;
				CODE_SIGN_IDENTITY = "iPhone Developer";
				COPY_PHASE_STRIP = NO;
				DEBUG_INFORMATION_FORMAT = dwarf;
				ENABLE_STRICT_OBJC_MSGSEND = YES;
				ENABLE_TESTABILITY = YES;
				GCC_C_LANGUAGE_STANDARD = gnu11;
				GCC_DYNAMIC_NO_PIC = NO;
				GCC_NO_COMMON_BLOCKS = YES;
				GCC_OPTIMIZATION_LEVEL = 0;
				GCC_PREPROCESSOR_DEFINITIONS = (
					"DEBUG=1",
					"$(inherited)",
				);
				GCC_WARN_64_TO_32_BIT_CONVERSION = YES;
				GCC_WARN_ABOUT_RETURN_TYPE = YES_ERROR;
				GCC_WARN_UNDECLARED_SELECTOR = YES;
				GCC_WARN_UNINITIALIZED_AUTOS = YES_AGGRESSIVE;
				GCC_WARN_UNUSED_FUNCTION = YES;
				GCC_WARN_UNUSED_VARIABLE = YES;
				IPHONEOS_DEPLOYMENT_TARGET = 12.1;
				MTL_ENABLE_DEBUG_INFO = INCLUDE_SOURCE;
				MTL_FAST_MATH = YES;
				ONLY_ACTIVE_ARCH = YES;
				SDKROOT = iphoneos;
			};
			name = Debug;
		};
		046C4C0D220F024F009C3BDF /* Release */ = {
			isa = XCBuildConfiguration;
			buildSettings = {
				ALWAYS_SEARCH_USER_PATHS = NO;
				CLANG_ANALYZER_NONNULL = YES;
				CLANG_ANALYZER_NUMBER_OBJECT_CONVERSION = YES_AGGRESSIVE;
				CLANG_CXX_LANGUAGE_STANDARD = "gnu++14";
				CLANG_CXX_LIBRARY = "libc++";
				CLANG_ENABLE_MODULES = YES;
				CLANG_ENABLE_OBJC_ARC = YES;
				CLANG_ENABLE_OBJC_WEAK = YES;
				CLANG_WARN_BLOCK_CAPTURE_AUTORELEASING = YES;
				CLANG_WARN_BOOL_CONVERSION = YES;
				CLANG_WARN_COMMA = YES;
				CLANG_WARN_CONSTANT_CONVERSION = YES;
				CLANG_WARN_DEPRECATED_OBJC_IMPLEMENTATIONS = YES;
				CLANG_WARN_DIRECT_OBJC_ISA_USAGE = YES_ERROR;
				CLANG_WARN_DOCUMENTATION_COMMENTS = YES;
				CLANG_WARN_EMPTY_BODY = YES;
				CLANG_WARN_ENUM_CONVERSION = YES;
				CLANG_WARN_INFINITE_RECURSION = YES;
				CLANG_WARN_INT_CONVERSION = YES;
				CLANG_WARN_NON_LITERAL_NULL_CONVERSION = YES;
				CLANG_WARN_OBJC_IMPLICIT_RETAIN_SELF = YES;
				CLANG_WARN_OBJC_LITERAL_CONVERSION = YES;
				CLANG_WARN_OBJC_ROOT_CLASS = YES_ERROR;
				CLANG_WARN_RANGE_LOOP_ANALYSIS = YES;
				CLANG_WARN_STRICT_PROTOTYPES = YES;
				CLANG_WARN_SUSPICIOUS_MOVE = YES;
				CLANG_WARN_UNGUARDED_AVAILABILITY = YES_AGGRESSIVE;
				CLANG_WARN_UNREACHABLE_CODE = YES;
				CLANG_WARN__DUPLICATE_METHOD_MATCH = YES;
				CODE_SIGN_IDENTITY = "iPhone Developer";
				COPY_PHASE_STRIP = NO;
				DEBUG_INFORMATION_FORMAT = "dwarf-with-dsym";
				ENABLE_NS_ASSERTIONS = NO;
				ENABLE_STRICT_OBJC_MSGSEND = YES;
				GCC_C_LANGUAGE_STANDARD = gnu11;
				GCC_NO_COMMON_BLOCKS = YES;
				GCC_WARN_64_TO_32_BIT_CONVERSION = YES;
				GCC_WARN_ABOUT_RETURN_TYPE = YES_ERROR;
				GCC_WARN_UNDECLARED_SELECTOR = YES;
				GCC_WARN_UNINITIALIZED_AUTOS = YES_AGGRESSIVE;
				GCC_WARN_UNUSED_FUNCTION = YES;
				GCC_WARN_UNUSED_VARIABLE = YES;
				IPHONEOS_DEPLOYMENT_TARGET = 12.1;
				MTL_ENABLE_DEBUG_INFO = NO;
				MTL_FAST_MATH = YES;
				SDKROOT = iphoneos;
				VALIDATE_PRODUCT = YES;
			};
			name = Release;
		};
		046C4C0F220F024F009C3BDF /* Debug */ = {
			isa = XCBuildConfiguration;
			baseConfigurationReference = 805A8F32A7A95181B2BB8FC3 /* Pods-testCi.debug.xcconfig */;
			buildSettings = {
				ASSETCATALOG_COMPILER_APPICON_NAME = AppIcon;
				CODE_SIGN_IDENTITY = "iPhone Developer";
				CODE_SIGN_STYLE = Automatic;
				DEVELOPMENT_TEAM = JPG7HDP2B8;
				INFOPLIST_FILE = testCi/Info.plist;
				IPHONEOS_DEPLOYMENT_TARGET = 10.1;
				LD_RUNPATH_SEARCH_PATHS = (
					"$(inherited)",
					"@executable_path/Frameworks",
				);
				PRODUCT_BUNDLE_IDENTIFIER = com.hzmc.testcib;
				PRODUCT_NAME = "$(TARGET_NAME)";
				PROVISIONING_PROFILE_SPECIFIER = "";
				TARGETED_DEVICE_FAMILY = "1,2";
			};
			name = Debug;
		};
		046C4C10220F024F009C3BDF /* Release */ = {
			isa = XCBuildConfiguration;
			baseConfigurationReference = AAEEE16B54801B5C428D55D7 /* Pods-testCi.release.xcconfig */;
			buildSettings = {
				ASSETCATALOG_COMPILER_APPICON_NAME = AppIcon;
				CODE_SIGN_IDENTITY = "iPhone Developer";
				CODE_SIGN_STYLE = Automatic;
				DEVELOPMENT_TEAM = JPG7HDP2B8;
				INFOPLIST_FILE = testCi/Info.plist;
				IPHONEOS_DEPLOYMENT_TARGET = 10.1;
				LD_RUNPATH_SEARCH_PATHS = (
					"$(inherited)",
					"@executable_path/Frameworks",
				);
				PRODUCT_BUNDLE_IDENTIFIER = com.hzmc.testcib;
				PRODUCT_NAME = "$(TARGET_NAME)";
				PROVISIONING_PROFILE_SPECIFIER = "";
				TARGETED_DEVICE_FAMILY = "1,2";
			};
			name = Release;
		};
		046C4C12220F024F009C3BDF /* Debug */ = {
			isa = XCBuildConfiguration;
			baseConfigurationReference = 9911BF61298DF12A4D9F1BF2 /* Pods-testCiTests.debug.xcconfig */;
			buildSettings = {
				BUNDLE_LOADER = "$(TEST_HOST)";
				CODE_SIGN_STYLE = Automatic;
				DEVELOPMENT_TEAM = JPG7HDP2B8;
				INFOPLIST_FILE = testCiTests/Info.plist;
				LD_RUNPATH_SEARCH_PATHS = (
					"$(inherited)",
					"@executable_path/Frameworks",
					"@loader_path/Frameworks",
				);
				PRODUCT_BUNDLE_IDENTIFIER = com.hzmc.testCiTests;
				PRODUCT_NAME = "$(TARGET_NAME)";
				TARGETED_DEVICE_FAMILY = "1,2";
				TEST_HOST = "$(BUILT_PRODUCTS_DIR)/testCi.app/testCi";
			};
			name = Debug;
		};
		046C4C13220F024F009C3BDF /* Release */ = {
			isa = XCBuildConfiguration;
			baseConfigurationReference = 322B55E3D515D162F1E5ADEF /* Pods-testCiTests.release.xcconfig */;
			buildSettings = {
				BUNDLE_LOADER = "$(TEST_HOST)";
				CODE_SIGN_STYLE = Automatic;
				DEVELOPMENT_TEAM = JPG7HDP2B8;
				INFOPLIST_FILE = testCiTests/Info.plist;
				LD_RUNPATH_SEARCH_PATHS = (
					"$(inherited)",
					"@executable_path/Frameworks",
					"@loader_path/Frameworks",
				);
				PRODUCT_BUNDLE_IDENTIFIER = com.hzmc.testCiTests;
				PRODUCT_NAME = "$(TARGET_NAME)";
				TARGETED_DEVICE_FAMILY = "1,2";
				TEST_HOST = "$(BUILT_PRODUCTS_DIR)/testCi.app/testCi";
			};
			name = Release;
		};
/* End XCBuildConfiguration section */

/* Begin XCConfigurationList section */
		046C4BDD220F024C009C3BDF /* Build configuration list for PBXProject "testCi" */ = {
			isa = XCConfigurationList;
			buildConfigurations = (
				046C4C0C220F024F009C3BDF /* Debug */,
				046C4C0D220F024F009C3BDF /* Release */,
			);
			defaultConfigurationIsVisible = 0;
			defaultConfigurationName = Release;
		};
		046C4C0E220F024F009C3BDF /* Build configuration list for PBXNativeTarget "testCi" */ = {
			isa = XCConfigurationList;
			buildConfigurations = (
				046C4C0F220F024F009C3BDF /* Debug */,
				046C4C10220F024F009C3BDF /* Release */,
			);
			defaultConfigurationIsVisible = 0;
			defaultConfigurationName = Release;
		};
		046C4C11220F024F009C3BDF /* Build configuration list for PBXNativeTarget "testCiTests" */ = {
			isa = XCConfigurationList;
			buildConfigurations = (
				046C4C12220F024F009C3BDF /* Debug */,
				046C4C13220F024F009C3BDF /* Release */,
			);
			defaultConfigurationIsVisible = 0;
			defaultConfigurationName = Release;
		};
/* End XCConfigurationList section */
	};
	rootObject = 046C4BDA220F024C009C3BDF /* Project object */;
}
